<?xml version="1.0" encoding="utf-8"?>
<Project ToolsVersion="4.0" xmlns="http://schemas.microsoft.com/developer/msbuild/2003">
  <ItemGroup>
    <Filter Include="src">
      <UniqueIdentifier>{16fc1cc1-389b-460e-8d6b-41d34bf6cdfa}</UniqueIdentifier>
    </Filter>
    <Filter Include="lib">
      <UniqueIdentifier>{a7e3e363-dede-4b5b-9f86-0525de47fdfc}</UniqueIdentifier>
    </Filter>
    <Filter Include="build">
      <UniqueIdentifier>{35b9cca4-e3c0-483f-a047-60211a890bc1}</UniqueIdentifier>
    </Filter>
    <Filter Include="src\input">
      <UniqueIdentifier>{5a7f092a-290d-48ca-9121-e526eb720dd4}</UniqueIdentifier>
    </Filter>
    <Filter Include="src\event">
      <UniqueIdentifier>{891e786c-ba8b-4f69-b09a-593d8ad238db}</UniqueIdentifier>
    </Filter>
    <Filter Include="src\lib">
      <UniqueIdentifier>{54231edc-9059-48a4-ac5f-295201e69d87}</UniqueIdentifier>
    </Filter>
    <Filter Include="src\lib\math">
      <UniqueIdentifier>{362849c2-e05a-4746-96f8-e3c5fa89dd95}</UniqueIdentifier>
    </Filter>
  </ItemGroup>
  <ItemGroup>
    <ClCompile Include="src\Main.cpp">
      <Filter>src</Filter>
    </ClCompile>
    <ClCompile Include="src\Engine.cpp">
      <Filter>src</Filter>
    </ClCompile>
    <ClCompile Include="src\event\Event.cpp">
      <Filter>src\event</Filter>
    </ClCompile>
    <ClCompile Include="src\input\Gamepad.cpp">
      <Filter>src\input</Filter>
    </ClCompile>
    <ClCompile Include="src\Camera.cpp">
      <Filter>src</Filter>
    </ClCompile>
    <ClCompile Include="src\input\Keyboard.cpp">
      <Filter>src\input</Filter>
    </ClCompile>
    <ClCompile Include="src\input\Mouse.cpp" />
  </ItemGroup>
  <ItemGroup>
    <ClInclude Include="src\Engine.h">
      <Filter>src</Filter>
    </ClInclude>
    <ClInclude Include="src\event\Event.h">
      <Filter>src\event</Filter>
    </ClInclude>
    <ClInclude Include="src\input\Gamepad.h">
      <Filter>src\input</Filter>
    </ClInclude>
    <ClInclude Include="src\Camera.h">
      <Filter>src</Filter>
    </ClInclude>
    <ClInclude Include="src\input\Keyboard.h">
      <Filter>src\input</Filter>
    </ClInclude>
    <ClInclude Include="src\lib\math\Vector.h">
      <Filter>src\lib\math</Filter>
    </ClInclude>
    <ClInclude Include="src\input\Mouse.h" />
  </ItemGroup>
</Project>